
Microsoft Visual Studio Solution File, Format Version 12.00
# Visual Studio 15
VisualStudioVersion = 15.0.28307.572
MinimumVisualStudioVersion = 10.0.40219.1
Project("{FAE04EC0-301F-11D3-BF4B-00C04F79EFBC}") = "PayohteeWeb", "PayohteeWeb\PayohteeWeb.csproj", "{72EACB5B-C2E1-4ABF-B6C4-44316C7E9E1E}"
EndProject
Project("{FAE04EC0-301F-11D3-BF4B-00C04F79EFBC}") = "PayohteeWebApi", "PayohteeWebApi\PayohteeWebApi.csproj", "{C0856871-F072-4CA7-9308-903CD086EBDB}"
EndProject
Project("{FAE04EC0-301F-11D3-BF4B-00C04F79EFBC}") = "PayohteeCore", "PayohteeCore\PayohteeCore.csproj", "{F4D48E5A-5B20-4521-A2FB-D0C17921DE20}"
EndProject
Global
	GlobalSection(SolutionConfigurationPlatforms) = preSolution
		Debug|Any CPU = Debug|Any CPU
		Release|Any CPU = Release|Any CPU
	EndGlobalSection
	GlobalSection(ProjectConfigurationPlatforms) = postSolution
		{72EACB5B-C2E1-4ABF-B6C4-44316C7E9E1E}.Debug|Any CPU.ActiveCfg = Debug|Any CPU
		{72EACB5B-C2E1-4ABF-B6C4-44316C7E9E1E}.Debug|Any CPU.Build.0 = Debug|Any CPU
		{72EACB5B-C2E1-4ABF-B6C4-44316C7E9E1E}.Release|Any CPU.ActiveCfg = Release|Any CPU
		{72EACB5B-C2E1-4ABF-B6C4-44316C7E9E1E}.Release|Any CPU.Build.0 = Release|Any CPU
		{C0856871-F072-4CA7-9308-903CD086EBDB}.Debug|Any CPU.ActiveCfg = Debug|Any CPU
		{C0856871-F072-4CA7-9308-903CD086EBDB}.Debug|Any CPU.Build.0 = Debug|Any CPU
		{C0856871-F072-4CA7-9308-903CD086EBDB}.Release|Any CPU.ActiveCfg = Release|Any CPU
		{C0856871-F072-4CA7-9308-903CD086EBDB}.Release|Any CPU.Build.0 = Release|Any CPU
		{F4D48E5A-5B20-4521-A2FB-D0C17921DE20}.Debug|Any CPU.ActiveCfg = Debug|Any CPU
		{F4D48E5A-5B20-4521-A2FB-D0C17921DE20}.Debug|Any CPU.Build.0 = Debug|Any CPU
		{F4D48E5A-5B20-4521-A2FB-D0C17921DE20}.Release|Any CPU.ActiveCfg = Release|Any CPU
		{F4D48E5A-5B20-4521-A2FB-D0C17921DE20}.Release|Any CPU.Build.0 = Release|Any CPU
	EndGlobalSection
	GlobalSection(SolutionProperties) = preSolution
		HideSolutionNode = FALSE
	EndGlobalSection
	GlobalSection(ExtensibilityGlobals) = postSolution
		SolutionGuid = {B69B9B37-830E-4BCA-9FE5-E4977F3F877B}
	EndGlobalSection
EndGlobal
